
Microsoft Visual Studio Solution File, Format Version 12.00
# Visual Studio Version 17
VisualStudioVersion = 17.14.36616.10
MinimumVisualStudioVersion = 10.0.40219.1
Project("{FAE04EC0-301F-11D3-BF4B-00C04F79EFBC}") = "Traveler.Core", "Traveler.Core\Traveler.Core.csproj", "{BD102895-B249-4B12-A676-696F924CCFFA}"
EndProject
Project("{FAE04EC0-301F-11D3-BF4B-00C04F79EFBC}") = "Traveler.Core.Tests", "Traveler.Core.Tests\Traveler.Core.Tests.csproj", "{C24E5684-DF07-4D1F-BB2D-3640E4A92AE4}"
EndProject
Project("{FAE04EC0-301F-11D3-BF4B-00C04F79EFBC}") = "Traveler.Console", "Traveler.Console\Traveler.Console.csproj", "{C6379115-523D-35A6-0785-DA6FD624BE1A}"
EndProject
Project("{2150E333-8FDC-42A3-9474-1A3956D46DE8}") = "Solution Items", "Solution Items", "{8EC462FD-D22E-90A8-E5CE-7E832BA40C5D}"
	ProjectSection(SolutionItems) = preProject
		.github\workflows\ci.yml = .github\workflows\ci.yml
		.github\workflows\deploy-wasm.yml = .github\workflows\deploy-wasm.yml
		images\example.png = images\example.png
		..\README.md = ..\README.md
		.github\workflows\release.yml = .github\workflows\release.yml
	EndProjectSection
EndProject
Project("{FAE04EC0-301F-11D3-BF4B-00C04F79EFBC}") = "Traveler.Wasm", "Traveler.Wasm\Traveler.Wasm.csproj", "{8CDF3DB7-B7B6-4FCF-B406-4336AC1F8BDA}"
EndProject
Project("{FAE04EC0-301F-11D3-BF4B-00C04F79EFBC}") = "Traveler.Wasm.Client", "Traveler.Wasm.Client\Traveler.Wasm.Client.csproj", "{7BA2EF01-2FA7-40A2-B9FD-343EC4FD60A0}"
EndProject
Global
	GlobalSection(SolutionConfigurationPlatforms) = preSolution
		Debug|Any CPU = Debug|Any CPU
		Release|Any CPU = Release|Any CPU
	EndGlobalSection
	GlobalSection(ProjectConfigurationPlatforms) = postSolution
		{BD102895-B249-4B12-A676-696F924CCFFA}.Debug|Any CPU.ActiveCfg = Debug|Any CPU
		{BD102895-B249-4B12-A676-696F924CCFFA}.Debug|Any CPU.Build.0 = Debug|Any CPU
		{BD102895-B249-4B12-A676-696F924CCFFA}.Release|Any CPU.ActiveCfg = Release|Any CPU
		{BD102895-B249-4B12-A676-696F924CCFFA}.Release|Any CPU.Build.0 = Release|Any CPU
		{C24E5684-DF07-4D1F-BB2D-3640E4A92AE4}.Debug|Any CPU.ActiveCfg = Debug|Any CPU
		{C24E5684-DF07-4D1F-BB2D-3640E4A92AE4}.Debug|Any CPU.Build.0 = Debug|Any CPU
		{C24E5684-DF07-4D1F-BB2D-3640E4A92AE4}.Release|Any CPU.ActiveCfg = Release|Any CPU
		{C24E5684-DF07-4D1F-BB2D-3640E4A92AE4}.Release|Any CPU.Build.0 = Release|Any CPU
		{C6379115-523D-35A6-0785-DA6FD624BE1A}.Debug|Any CPU.ActiveCfg = Debug|Any CPU
		{C6379115-523D-35A6-0785-DA6FD624BE1A}.Debug|Any CPU.Build.0 = Debug|Any CPU
		{C6379115-523D-35A6-0785-DA6FD624BE1A}.Release|Any CPU.ActiveCfg = Release|Any CPU
		{C6379115-523D-35A6-0785-DA6FD624BE1A}.Release|Any CPU.Build.0 = Release|Any CPU
		{8CDF3DB7-B7B6-4FCF-B406-4336AC1F8BDA}.Debug|Any CPU.ActiveCfg = Debug|Any CPU
		{8CDF3DB7-B7B6-4FCF-B406-4336AC1F8BDA}.Debug|Any CPU.Build.0 = Debug|Any CPU
		{8CDF3DB7-B7B6-4FCF-B406-4336AC1F8BDA}.Release|Any CPU.ActiveCfg = Release|Any CPU
		{8CDF3DB7-B7B6-4FCF-B406-4336AC1F8BDA}.Release|Any CPU.Build.0 = Release|Any CPU
		{7BA2EF01-2FA7-40A2-B9FD-343EC4FD60A0}.Debug|Any CPU.ActiveCfg = Debug|Any CPU
		{7BA2EF01-2FA7-40A2-B9FD-343EC4FD60A0}.Debug|Any CPU.Build.0 = Debug|Any CPU
		{7BA2EF01-2FA7-40A2-B9FD-343EC4FD60A0}.Release|Any CPU.ActiveCfg = Release|Any CPU
		{7BA2EF01-2FA7-40A2-B9FD-343EC4FD60A0}.Release|Any CPU.Build.0 = Release|Any CPU
	EndGlobalSection
	GlobalSection(SolutionProperties) = preSolution
		HideSolutionNode = FALSE
	EndGlobalSection
	GlobalSection(ExtensibilityGlobals) = postSolution
		SolutionGuid = {AF17F926-2DC4-477C-B646-8489C65400D2}
	EndGlobalSection
EndGlobal
