
Microsoft Visual Studio Solution File, Format Version 12.00
# Visual Studio Version 17
VisualStudioVersion = 17.14.36616.10
MinimumVisualStudioVersion = 10.0.40219.1
Project("{FAE04EC0-301F-11D3-BF4B-00C04F79EFBC}") = "Traveler.Core", "Traveller.Core\Traveler.Core.csproj", "{BD102895-B249-4B12-A676-696F924CCFFA}"
EndProject
Project("{FAE04EC0-301F-11D3-BF4B-00C04F79EFBC}") = "Traveler.Core.Tests", "Traveller.Core.Tests\Traveler.Core.Tests.csproj", "{C24E5684-DF07-4D1F-BB2D-3640E4A92AE4}"
EndProject
Project("{FAE04EC0-301F-11D3-BF4B-00C04F79EFBC}") = "Traveler.WinConsole", "Traveller.WinConsole\Traveler.WinConsole.csproj", "{FF055DB5-5ADE-40CC-A26A-537B3B197A7F}"
EndProject
Global
	GlobalSection(SolutionConfigurationPlatforms) = preSolution
		Debug|Any CPU = Debug|Any CPU
		Release|Any CPU = Release|Any CPU
	EndGlobalSection
	GlobalSection(ProjectConfigurationPlatforms) = postSolution
		{BD102895-B249-4B12-A676-696F924CCFFA}.Debug|Any CPU.ActiveCfg = Debug|Any CPU
		{BD102895-B249-4B12-A676-696F924CCFFA}.Debug|Any CPU.Build.0 = Debug|Any CPU
		{BD102895-B249-4B12-A676-696F924CCFFA}.Release|Any CPU.ActiveCfg = Release|Any CPU
		{BD102895-B249-4B12-A676-696F924CCFFA}.Release|Any CPU.Build.0 = Release|Any CPU
		{C24E5684-DF07-4D1F-BB2D-3640E4A92AE4}.Debug|Any CPU.ActiveCfg = Debug|Any CPU
		{C24E5684-DF07-4D1F-BB2D-3640E4A92AE4}.Debug|Any CPU.Build.0 = Debug|Any CPU
		{C24E5684-DF07-4D1F-BB2D-3640E4A92AE4}.Release|Any CPU.ActiveCfg = Release|Any CPU
		{C24E5684-DF07-4D1F-BB2D-3640E4A92AE4}.Release|Any CPU.Build.0 = Release|Any CPU
		{FF055DB5-5ADE-40CC-A26A-537B3B197A7F}.Debug|Any CPU.ActiveCfg = Debug|Any CPU
		{FF055DB5-5ADE-40CC-A26A-537B3B197A7F}.Debug|Any CPU.Build.0 = Debug|Any CPU
		{FF055DB5-5ADE-40CC-A26A-537B3B197A7F}.Release|Any CPU.ActiveCfg = Release|Any CPU
		{FF055DB5-5ADE-40CC-A26A-537B3B197A7F}.Release|Any CPU.Build.0 = Release|Any CPU
	EndGlobalSection
	GlobalSection(SolutionProperties) = preSolution
		HideSolutionNode = FALSE
	EndGlobalSection
	GlobalSection(ExtensibilityGlobals) = postSolution
		SolutionGuid = {AF17F926-2DC4-477C-B646-8489C65400D2}
	EndGlobalSection
EndGlobal
